// !$*UTF8*$!
{
	archiveVersion = 1;
	classes = {
	};
	objectVersion = 46;
	objects = {

/* Begin PBXBuildFile section */
		136866871DB1D12C0039783D /* main.m in Sources */ = {isa = PBXBuildFile; fileRef = 136866861DB1D12C0039783D /* main.m */; };
		1368668A1DB1D12C0039783D /* AppDelegate.m in Sources */ = {isa = PBXBuildFile; fileRef = 136866891DB1D12C0039783D /* AppDelegate.m */; };
		1368668D1DB1D12C0039783D /* ViewController.m in Sources */ = {isa = PBXBuildFile; fileRef = 1368668C1DB1D12C0039783D /* ViewController.m */; };
		136866901DB1D12C0039783D /* Main.storyboard in Resources */ = {isa = PBXBuildFile; fileRef = 1368668E1DB1D12C0039783D /* Main.storyboard */; };
		136866921DB1D12C0039783D /* Assets.xcassets in Resources */ = {isa = PBXBuildFile; fileRef = 136866911DB1D12C0039783D /* Assets.xcassets */; };
		136866951DB1D12C0039783D /* LaunchScreen.storyboard in Resources */ = {isa = PBXBuildFile; fileRef = 136866931DB1D12C0039783D /* LaunchScreen.storyboard */; };
/* End PBXBuildFile section */

/* Begin PBXFileReference section */
		136866821DB1D12C0039783D /* anewdemo.app */ = {isa = PBXFileReference; explicitFileType = wrapper.application; includeInIndex = 0; path = anewdemo.app; sourceTree = BUILT_PRODUCTS_DIR; };
		136866861DB1D12C0039783D /* main.m */ = {isa = PBXFileReference; lastKnownFileType = sourcecode.c.objc; path = main.m; sourceTree = "<group>"; };
		136866881DB1D12C0039783D /* AppDelegate.h */ = {isa = PBXFileReference; lastKnownFileType = sourcecode.c.h; path = AppDelegate.h; sourceTree = "<group>"; };
		136866891DB1D12C0039783D /* AppDelegate.m */ = {isa = PBXFileReference; lastKnownFileType = sourcecode.c.objc; path = AppDelegate.m; sourceTree = "<group>"; };
		1368668B1DB1D12C0039783D /* ViewController.h */ = {isa = PBXFileReference; lastKnownFileType = sourcecode.c.h; path = ViewController.h; sourceTree = "<group>"; };
		1368668C1DB1D12C0039783D /* ViewController.m */ = {isa = PBXFileReference; lastKnownFileType = sourcecode.c.objc; path = ViewController.m; sourceTree = "<group>"; };
		1368668F1DB1D12C0039783D /* Base */ = {isa = PBXFileReference; lastKnownFileType = file.storyboard; name = Base; path = Base.lproj/Main.storyboard; sourceTree = "<group>"; };
		136866911DB1D12C0039783D /* Assets.xcassets */ = {isa = PBXFileReference; lastKnownFileType = folder.assetcatalog; path = Assets.xcassets; sourceTree = "<group>"; };
		136866941DB1D12C0039783D /* Base */ = {isa = PBXFileReference; lastKnownFileType = file.storyboard; name = Base; path = Base.lproj/LaunchScreen.storyboard; sourceTree = "<group>"; };
		136866961DB1D12C0039783D /* Info.plist */ = {isa = PBXFileReference; lastKnownFileType = text.plist.xml; path = Info.plist; sourceTree = "<group>"; };
/* End PBXFileReference section */

/* Begin PBXFrameworksBuildPhase section */
		1368667F1DB1D12C0039783D /* Frameworks */ = {
			isa = PBXFrameworksBuildPhase;
			buildActionMask = 2147483647;
			files = (
			);
			runOnlyForDeploymentPostprocessing = 0;
		};
/* End PBXFrameworksBuildPhase section */

/* Begin PBXGroup section */
		136866791DB1D12C0039783D = {
			isa = PBXGroup;
			children = (
				136866841DB1D12C0039783D /* anewdemo */,
				136866831DB1D12C0039783D /* Products */,
			);
			sourceTree = "<group>";
		};
		136866831DB1D12C0039783D /* Products */ = {
			isa = PBXGroup;
			children = (
				136866821DB1D12C0039783D /* anewdemo.app */,
			);
			name = Products;
			sourceTree = "<group>";
		};
		136866841DB1D12C0039783D /* anewdemo */ = {
			isa = PBXGroup;
			children = (
				136866881DB1D12C0039783D /* AppDelegate.h */,
				136866891DB1D12C0039783D /* AppDelegate.m */,
				1368668B1DB1D12C0039783D /* ViewController.h */,
				1368668C1DB1D12C0039783D /* ViewController.m */,
				1368668E1DB1D12C0039783D /* Main.storyboard */,
				136866911DB1D12C0039783D /* Assets.xcassets */,
				136866931DB1D12C0039783D /* LaunchScreen.storyboard */,
				136866961DB1D12C0039783D /* Info.plist */,
				136866851DB1D12C0039783D /* Supporting Files */,
			);
			path = anewdemo;
			sourceTree = "<group>";
		};
		136866851DB1D12C0039783D /* Supporting Files */ = {
			isa = PBXGroup;
			children = (
				136866861DB1D12C0039783D /* main.m */,
			);
			name = "Supporting Files";
			sourceTree = "<group>";
		};
/* End PBXGroup section */

/* Begin PBXNativeTarget section */
		136866811DB1D12C0039783D /* anewdemo */ = {
			isa = PBXNativeTarget;
			buildConfigurationList = 136866991DB1D12C0039783D /* Build configuration list for PBXNativeTarget "anewdemo" */;
			buildPhases = (
				1368667E1DB1D12C0039783D /* Sources */,
				1368667F1DB1D12C0039783D /* Frameworks */,
				136866801DB1D12C0039783D /* Resources */,
			);
			buildRules = (
			);
			dependencies = (
			);
			name = anewdemo;
			productName = anewdemo;
			productReference = 136866821DB1D12C0039783D /* anewdemo.app */;
			productType = "com.apple.product-type.application";
		};
/* End PBXNativeTarget section */

/* Begin PBXProject section */
		1368667A1DB1D12C0039783D /* Project object */ = {
			isa = PBXProject;
			attributes = {
				LastUpgradeCheck = 0720;
				ORGANIZATIONNAME = com.yidahulian;
				TargetAttributes = {
					136866811DB1D12C0039783D = {
						CreatedOnToolsVersion = 7.2;
					};
				};
			};
			buildConfigurationList = 1368667D1DB1D12C0039783D /* Build configuration list for PBXProject "anewdemo" */;
			compatibilityVersion = "Xcode 3.2";
			developmentRegion = English;
			hasScannedForEncodings = 0;
			knownRegions = (
				en,
				Base,
			);
			mainGroup = 136866791DB1D12C0039783D;
			productRefGroup = 136866831DB1D12C0039783D /* Products */;
			projectDirPath = "";
			projectRoot = "";
			targets = (
				136866811DB1D12C0039783D /* anewdemo */,
			);
		};
/* End PBXProject section */

/* Begin PBXResourcesBuildPhase section */
		136866801DB1D12C0039783D /* Resources */ = {
			isa = PBXResourcesBuildPhase;
			buildActionMask = 2147483647;
			files = (
				136866951DB1D12C0039783D /* LaunchScreen.storyboard in Resources */,
				136866921DB1D12C0039783D /* Assets.xcassets in Resources */,
				136866901DB1D12C0039783D /* Main.storyboard in Resources */,
			);
			runOnlyForDeploymentPostprocessing = 0;
		};
/* End PBXResourcesBuildPhase section */

/* Begin PBXSourcesBuildPhase section */
		1368667E1DB1D12C0039783D /* Sources */ = {
			isa = PBXSourcesBuildPhase;
			buildActionMask = 2147483647;
			files = (
				1368668D1DB1D12C0039783D /* ViewController.m in Sources */,
				1368668A1DB1D12C0039783D /* AppDelegate.m in Sources */,
				136866871DB1D12C0039783D /* main.m in Sources */,
			);
			runOnlyForDeploymentPostprocessing = 0;
		};
/* End PBXSourcesBuildPhase section */

/* Begin PBXVariantGroup section */
		1368668E1DB1D12C0039783D /* Main.storyboard */ = {
			isa = PBXVariantGroup;
			children = (
				1368668F1DB1D12C0039783D /* Base */,
			);
			name = Main.storyboard;
			sourceTree = "<group>";
		};
		136866931DB1D12C0039783D /* LaunchScreen.storyboard */ = {
			isa = PBXVariantGroup;
			children = (
				136866941DB1D12C0039783D /* Base */,
			);
			name = LaunchScreen.storyboard;
			sourceTree = "<group>";
		};
/* End PBXVariantGroup section */

/* Begin XCBuildConfiguration section */
		136866971DB1D12C0039783D /* Debug */ = {
			isa = XCBuildConfiguration;
			buildSettings = {
				ALWAYS_SEARCH_USER_PATHS = NO;
				CLANG_CXX_LANGUAGE_STANDARD = "gnu++0x";
				CLANG_CXX_LIBRARY = "libc++";
				CLANG_ENABLE_MODULES = YES;
				CLANG_ENABLE_OBJC_ARC = YES;
				CLANG_WARN_BOOL_CONVERSION = YES;
				CLANG_WARN_CONSTANT_CONVERSION = YES;
				CLANG_WARN_DIRECT_OBJC_ISA_USAGE = YES_ERROR;
				CLANG_WARN_EMPTY_BODY = YES;
				CLANG_WARN_ENUM_CONVERSION = YES;
				CLANG_WARN_INT_CONVERSION = YES;
				CLANG_WARN_OBJC_ROOT_CLASS = YES_ERROR;
				CLANG_WARN_UNREACHABLE_CODE = YES;
				CLANG_WARN__DUPLICATE_METHOD_MATCH = YES;
				"CODE_SIGN_IDENTITY[sdk=iphoneos*]" = "iPhone Developer";
				COPY_PHASE_STRIP = NO;
				DEBUG_INFORMATION_FORMAT = dwarf;
				ENABLE_STRICT_OBJC_MSGSEND = YES;
				ENABLE_TESTABILITY = YES;
				GCC_C_LANGUAGE_STANDARD = gnu99;
				GCC_DYNAMIC_NO_PIC = NO;
				GCC_NO_COMMON_BLOCKS = YES;
				GCC_OPTIMIZATION_LEVEL = 0;
				GCC_PREPROCESSOR_DEFINITIONS = (
					"DEBUG=1",
					"$(inherited)",
				);
				GCC_WARN_64_TO_32_BIT_CONVERSION = YES;
				GCC_WARN_ABOUT_RETURN_TYPE = YES_ERROR;
				GCC_WARN_UNDECLARED_SELECTOR = YES;
				GCC_WARN_UNINITIALIZED_AUTOS = YES_AGGRESSIVE;
				GCC_WARN_UNUSED_FUNCTION = YES;
				GCC_WARN_UNUSED_VARIABLE = YES;
				IPHONEOS_DEPLOYMENT_TARGET = 9.2;
				MTL_ENABLE_DEBUG_INFO = YES;
				ONLY_ACTIVE_ARCH = YES;
				SDKROOT = iphoneos;
			};
			name = Debug;
		};
		136866981DB1D12C0039783D /* Release */ = {
			isa = XCBuildConfiguration;
			buildSettings = {
				ALWAYS_SEARCH_USER_PATHS = NO;
				CLANG_CXX_LANGUAGE_STANDARD = "gnu++0x";
				CLANG_CXX_LIBRARY = "libc++";
				CLANG_ENABLE_MODULES = YES;
				CLANG_ENABLE_OBJC_ARC = YES;
				CLANG_WARN_BOOL_CONVERSION = YES;
				CLANG_WARN_CONSTANT_CONVERSION = YES;
				CLANG_WARN_DIRECT_OBJC_ISA_USAGE = YES_ERROR;
				CLANG_WARN_EMPTY_BODY = YES;
				CLANG_WARN_ENUM_CONVERSION = YES;
				CLANG_WARN_INT_CONVERSION = YES;
				CLANG_WARN_OBJC_ROOT_CLASS = YES_ERROR;
				CLANG_WARN_UNREACHABLE_CODE = YES;
				CLANG_WARN__DUPLICATE_METHOD_MATCH = YES;
				"CODE_SIGN_IDENTITY[sdk=iphoneos*]" = "iPhone Developer";
				COPY_PHASE_STRIP = NO;
				DEBUG_INFORMATION_FORMAT = "dwarf-with-dsym";
				ENABLE_NS_ASSERTIONS = NO;
				ENABLE_STRICT_OBJC_MSGSEND = YES;
				GCC_C_LANGUAGE_STANDARD = gnu99;
				GCC_NO_COMMON_BLOCKS = YES;
				GCC_WARN_64_TO_32_BIT_CONVERSION = YES;
				GCC_WARN_ABOUT_RETURN_TYPE = YES_ERROR;
				GCC_WARN_UNDECLARED_SELECTOR = YES;
				GCC_WARN_UNINITIALIZED_AUTOS = YES_AGGRESSIVE;
				GCC_WARN_UNUSED_FUNCTION = YES;
				GCC_WARN_UNUSED_VARIABLE = YES;
				IPHONEOS_DEPLOYMENT_TARGET = 9.2;
				MTL_ENABLE_DEBUG_INFO = NO;
				SDKROOT = iphoneos;
				VALIDATE_PRODUCT = YES;
			};
			name = Release;
		};
		1368669A1DB1D12C0039783D /* Debug */ = {
			isa = XCBuildConfiguration;
			buildSettings = {
				ASSETCATALOG_COMPILER_APPICON_NAME = AppIcon;
				INFOPLIST_FILE = anewdemo/Info.plist;
				LD_RUNPATH_SEARCH_PATHS = "$(inherited) @executable_path/Frameworks";
				PRODUCT_BUNDLE_IDENTIFIER = com.yourcompany.anewdemo;
				PRODUCT_NAME = "$(TARGET_NAME)";
			};
			name = Debug;
		};
		1368669B1DB1D12C0039783D /* Release */ = {
			isa = XCBuildConfiguration;
			buildSettings = {
				ASSETCATALOG_COMPILER_APPICON_NAME = AppIcon;
				INFOPLIST_FILE = anewdemo/Info.plist;
				LD_RUNPATH_SEARCH_PATHS = "$(inherited) @executable_path/Frameworks";
				PRODUCT_BUNDLE_IDENTIFIER = com.yourcompany.anewdemo;
				PRODUCT_NAME = "$(TARGET_NAME)";
			};
			name = Release;
		};
/* End XCBuildConfiguration section */

/* Begin XCConfigurationList section */
		1368667D1DB1D12C0039783D /* Build configuration list for PBXProject "anewdemo" */ = {
			isa = XCConfigurationList;
			buildConfigurations = (
				136866971DB1D12C0039783D /* Debug */,
				136866981DB1D12C0039783D /* Release */,
			);
			defaultConfigurationIsVisible = 0;
			defaultConfigurationName = Release;
		};
		136866991DB1D12C0039783D /* Build configuration list for PBXNativeTarget "anewdemo" */ = {
			isa = XCConfigurationList;
			buildConfigurations = (
				1368669A1DB1D12C0039783D /* Debug */,
				1368669B1DB1D12C0039783D /* Release */,
			);
			defaultConfigurationIsVisible = 0;
		};
/* End XCConfigurationList section */
	};
	rootObject = 1368667A1DB1D12C0039783D /* Project object */;
}
